
Microsoft Visual Studio Solution File, Format Version 12.00
# Visual Studio Version 16
VisualStudioVersion = 16.0.31613.86
MinimumVisualStudioVersion = 10.0.40219.1
Project("{FAE04EC0-301F-11D3-BF4B-00C04F79EFBC}") = "Struktura", "Struktura\Struktura.csproj", "{ECED4FE8-AF68-4BA1-AD58-80CAB11606B6}"
EndProject
Global
	GlobalSection(SolutionConfigurationPlatforms) = preSolution
		Debug|Any CPU = Debug|Any CPU
		Release|Any CPU = Release|Any CPU
	EndGlobalSection
	GlobalSection(ProjectConfigurationPlatforms) = postSolution
		{ECED4FE8-AF68-4BA1-AD58-80CAB11606B6}.Debug|Any CPU.ActiveCfg = Debug|Any CPU
		{ECED4FE8-AF68-4BA1-AD58-80CAB11606B6}.Debug|Any CPU.Build.0 = Debug|Any CPU
		{ECED4FE8-AF68-4BA1-AD58-80CAB11606B6}.Release|Any CPU.ActiveCfg = Release|Any CPU
		{ECED4FE8-AF68-4BA1-AD58-80CAB11606B6}.Release|Any CPU.Build.0 = Release|Any CPU
	EndGlobalSection
	GlobalSection(SolutionProperties) = preSolution
		HideSolutionNode = FALSE
	EndGlobalSection
	GlobalSection(ExtensibilityGlobals) = postSolution
		SolutionGuid = {F5F0275C-A0FF-4C4E-AC00-8699D6A50B48}
	EndGlobalSection
EndGlobal
