
Microsoft Visual Studio Solution File, Format Version 12.00
# Visual Studio Version 16
VisualStudioVersion = 16.0.31613.86
MinimumVisualStudioVersion = 10.0.40219.1
Project("{FAE04EC0-301F-11D3-BF4B-00C04F79EFBC}") = "TestZaGit", "TestZaGit\TestZaGit.csproj", "{6C494256-7A88-4556-A204-F816B016DC62}"
EndProject
Global
	GlobalSection(SolutionConfigurationPlatforms) = preSolution
		Debug|Any CPU = Debug|Any CPU
		Release|Any CPU = Release|Any CPU
	EndGlobalSection
	GlobalSection(ProjectConfigurationPlatforms) = postSolution
		{6C494256-7A88-4556-A204-F816B016DC62}.Debug|Any CPU.ActiveCfg = Debug|Any CPU
		{6C494256-7A88-4556-A204-F816B016DC62}.Debug|Any CPU.Build.0 = Debug|Any CPU
		{6C494256-7A88-4556-A204-F816B016DC62}.Release|Any CPU.ActiveCfg = Release|Any CPU
		{6C494256-7A88-4556-A204-F816B016DC62}.Release|Any CPU.Build.0 = Release|Any CPU
	EndGlobalSection
	GlobalSection(SolutionProperties) = preSolution
		HideSolutionNode = FALSE
	EndGlobalSection
	GlobalSection(ExtensibilityGlobals) = postSolution
		SolutionGuid = {01CBC883-66DA-4638-99D6-B27BD023F351}
	EndGlobalSection
EndGlobal
