
Microsoft Visual Studio Solution File, Format Version 12.00
# Visual Studio Version 16
VisualStudioVersion = 16.0.31613.86
MinimumVisualStudioVersion = 10.0.40219.1
Project("{FAE04EC0-301F-11D3-BF4B-00C04F79EFBC}") = "TestSeznama", "TestSeznama\TestSeznama.csproj", "{4BAFB265-B473-46AF-888F-7F06BE2DAA92}"
EndProject
Global
	GlobalSection(SolutionConfigurationPlatforms) = preSolution
		Debug|Any CPU = Debug|Any CPU
		Release|Any CPU = Release|Any CPU
	EndGlobalSection
	GlobalSection(ProjectConfigurationPlatforms) = postSolution
		{4BAFB265-B473-46AF-888F-7F06BE2DAA92}.Debug|Any CPU.ActiveCfg = Debug|Any CPU
		{4BAFB265-B473-46AF-888F-7F06BE2DAA92}.Debug|Any CPU.Build.0 = Debug|Any CPU
		{4BAFB265-B473-46AF-888F-7F06BE2DAA92}.Release|Any CPU.ActiveCfg = Release|Any CPU
		{4BAFB265-B473-46AF-888F-7F06BE2DAA92}.Release|Any CPU.Build.0 = Release|Any CPU
	EndGlobalSection
	GlobalSection(SolutionProperties) = preSolution
		HideSolutionNode = FALSE
	EndGlobalSection
	GlobalSection(ExtensibilityGlobals) = postSolution
		SolutionGuid = {E9F32069-D08B-43C7-A6C9-CFA44C71190A}
	EndGlobalSection
EndGlobal
