
Microsoft Visual Studio Solution File, Format Version 12.00
# Visual Studio Version 16
VisualStudioVersion = 16.0.31613.86
MinimumVisualStudioVersion = 10.0.40219.1
Project("{FAE04EC0-301F-11D3-BF4B-00C04F79EFBC}") = "UrejanjeTabel2", "UrejanjeTabel2\UrejanjeTabel2.csproj", "{CFBE50DC-3C96-4837-B296-97A0A9002155}"
EndProject
Global
	GlobalSection(SolutionConfigurationPlatforms) = preSolution
		Debug|Any CPU = Debug|Any CPU
		Release|Any CPU = Release|Any CPU
	EndGlobalSection
	GlobalSection(ProjectConfigurationPlatforms) = postSolution
		{CFBE50DC-3C96-4837-B296-97A0A9002155}.Debug|Any CPU.ActiveCfg = Debug|Any CPU
		{CFBE50DC-3C96-4837-B296-97A0A9002155}.Debug|Any CPU.Build.0 = Debug|Any CPU
		{CFBE50DC-3C96-4837-B296-97A0A9002155}.Release|Any CPU.ActiveCfg = Release|Any CPU
		{CFBE50DC-3C96-4837-B296-97A0A9002155}.Release|Any CPU.Build.0 = Release|Any CPU
	EndGlobalSection
	GlobalSection(SolutionProperties) = preSolution
		HideSolutionNode = FALSE
	EndGlobalSection
	GlobalSection(ExtensibilityGlobals) = postSolution
		SolutionGuid = {2DAF9364-E028-420D-B745-B6F971D68E18}
	EndGlobalSection
EndGlobal
